
Microsoft Visual Studio Solution File, Format Version 12.00
# Visual Studio Version 16
VisualStudioVersion = 16.0.30804.86
MinimumVisualStudioVersion = 10.0.40219.1
Project("{FAE04EC0-301F-11D3-BF4B-00C04F79EFBC}") = "ClassMetotDemo", "ClassMetotDemo\ClassMetotDemo.csproj", "{67BB0F42-44DB-4078-8237-198956EFC070}"
EndProject
Global
	GlobalSection(SolutionConfigurationPlatforms) = preSolution
		Debug|Any CPU = Debug|Any CPU
		Release|Any CPU = Release|Any CPU
	EndGlobalSection
	GlobalSection(ProjectConfigurationPlatforms) = postSolution
		{67BB0F42-44DB-4078-8237-198956EFC070}.Debug|Any CPU.ActiveCfg = Debug|Any CPU
		{67BB0F42-44DB-4078-8237-198956EFC070}.Debug|Any CPU.Build.0 = Debug|Any CPU
		{67BB0F42-44DB-4078-8237-198956EFC070}.Release|Any CPU.ActiveCfg = Release|Any CPU
		{67BB0F42-44DB-4078-8237-198956EFC070}.Release|Any CPU.Build.0 = Release|Any CPU
	EndGlobalSection
	GlobalSection(SolutionProperties) = preSolution
		HideSolutionNode = FALSE
	EndGlobalSection
	GlobalSection(ExtensibilityGlobals) = postSolution
		SolutionGuid = {DD6F99D7-B49C-44EE-8FD4-CB9075698623}
	EndGlobalSection
EndGlobal
